
Microsoft Visual Studio Solution File, Format Version 12.00
# Visual Studio Version 18
VisualStudioVersion = 18.4.11620.152
MinimumVisualStudioVersion = 10.0.40219.1
Project("{FAE04EC0-301F-11D3-BF4B-00C04F79EFBC}") = "MovieApp.Ui", "src\MovieApp.Ui\MovieApp.Ui.csproj", "{0A4F6C39-5BB6-4A0F-8EEB-60A539D8D3FE}"
EndProject
Project("{FAE04EC0-301F-11D3-BF4B-00C04F79EFBC}") = "MovieApp.Infrastructure", "src\MovieApp.Infrastructure\MovieApp.Infrastructure.csproj", "{CE5B98A3-DA5F-4E39-B80B-924E0E66DDC7}"
EndProject
Project("{FAE04EC0-301F-11D3-BF4B-00C04F79EFBC}") = "MovieApp.Core", "src\MovieApp.Core\MovieApp.Core.csproj", "{A7487D3D-3081-46B4-B8D9-DAB21778490C}"
EndProject
Project("{FAE04EC0-301F-11D3-BF4B-00C04F79EFBC}") = "MovieApp.Catalog", "src\MovieApp.Catalog\MovieApp.Catalog.csproj", "{B6F1A3DC-C200-4F11-9C00-7E0CA1A10C0B}"
EndProject
Project("{2150E333-8FDC-42A3-9474-1A3956D46DE8}") = "src", "src", "{827E0CD3-B72D-47B6-A68D-7590B98EB39B}"
EndProject
Project("{FAE04EC0-301F-11D3-BF4B-00C04F79EFBC}") = "DbSetup", "DbSetup\DbSetup.csproj", "{33813AD3-69DE-86C7-37DA-522C8076B4FF}"
EndProject
Project("{FAE04EC0-301F-11D3-BF4B-00C04F79EFBC}") = "MovieApp.Core.Tests", "tests\MovieApp.Core.Tests\MovieApp.Core.Tests.csproj", "{211E83FD-A4DE-9968-5E80-782080D30A3C}"
EndProject
Project("{FAE04EC0-301F-11D3-BF4B-00C04F79EFBC}") = "MovieApp.Infrastructure.Tests", "tests\MovieApp.Infrastructure.Tests\MovieApp.Infrastructure.Tests.csproj", "{2E0C209F-92F9-EB93-FE51-C26D27328DEF}"
EndProject
Project("{FAE04EC0-301F-11D3-BF4B-00C04F79EFBC}") = "MovieApp.Ui.Tests", "tests\MovieApp.Ui.Tests\MovieApp.Ui.Tests.csproj", "{0182E9C0-3305-D452-3E9B-E58A9C316901}"
EndProject
Global
	GlobalSection(SolutionConfigurationPlatforms) = preSolution
		Debug|Any CPU = Debug|Any CPU
		Debug|ARM32 = Debug|ARM32
		Debug|ARM64 = Debug|ARM64
		Debug|x64 = Debug|x64
		Debug|x86 = Debug|x86
		Release|Any CPU = Release|Any CPU
		Release|ARM32 = Release|ARM32
		Release|ARM64 = Release|ARM64
		Release|x64 = Release|x64
		Release|x86 = Release|x86
	EndGlobalSection
	GlobalSection(ProjectConfigurationPlatforms) = postSolution
		{0A4F6C39-5BB6-4A0F-8EEB-60A539D8D3FE}.Debug|Any CPU.ActiveCfg = Debug|Any CPU
		{0A4F6C39-5BB6-4A0F-8EEB-60A539D8D3FE}.Debug|Any CPU.Build.0 = Debug|Any CPU
		{0A4F6C39-5BB6-4A0F-8EEB-60A539D8D3FE}.Debug|ARM32.ActiveCfg = Debug|x64
		{0A4F6C39-5BB6-4A0F-8EEB-60A539D8D3FE}.Debug|ARM32.Build.0 = Debug|x64
		{0A4F6C39-5BB6-4A0F-8EEB-60A539D8D3FE}.Debug|ARM64.ActiveCfg = Debug|ARM64
		{0A4F6C39-5BB6-4A0F-8EEB-60A539D8D3FE}.Debug|ARM64.Build.0 = Debug|ARM64
		{0A4F6C39-5BB6-4A0F-8EEB-60A539D8D3FE}.Debug|ARM64.Deploy.0 = Debug|ARM64
		{0A4F6C39-5BB6-4A0F-8EEB-60A539D8D3FE}.Debug|x64.ActiveCfg = Debug|x64
		{0A4F6C39-5BB6-4A0F-8EEB-60A539D8D3FE}.Debug|x64.Build.0 = Debug|x64
		{0A4F6C39-5BB6-4A0F-8EEB-60A539D8D3FE}.Debug|x64.Deploy.0 = Debug|x64
		{0A4F6C39-5BB6-4A0F-8EEB-60A539D8D3FE}.Debug|x86.ActiveCfg = Debug|x86
		{0A4F6C39-5BB6-4A0F-8EEB-60A539D8D3FE}.Debug|x86.Build.0 = Debug|x86
		{0A4F6C39-5BB6-4A0F-8EEB-60A539D8D3FE}.Debug|x86.Deploy.0 = Debug|x86
		{0A4F6C39-5BB6-4A0F-8EEB-60A539D8D3FE}.Release|Any CPU.ActiveCfg = Release|Any CPU
		{0A4F6C39-5BB6-4A0F-8EEB-60A539D8D3FE}.Release|Any CPU.Build.0 = Release|Any CPU
		{0A4F6C39-5BB6-4A0F-8EEB-60A539D8D3FE}.Release|ARM32.ActiveCfg = Release|Any CPU
		{0A4F6C39-5BB6-4A0F-8EEB-60A539D8D3FE}.Release|ARM32.Build.0 = Release|Any CPU
		{0A4F6C39-5BB6-4A0F-8EEB-60A539D8D3FE}.Release|ARM64.ActiveCfg = Release|ARM64
		{0A4F6C39-5BB6-4A0F-8EEB-60A539D8D3FE}.Release|ARM64.Build.0 = Release|ARM64
		{0A4F6C39-5BB6-4A0F-8EEB-60A539D8D3FE}.Release|ARM64.Deploy.0 = Release|ARM64
		{0A4F6C39-5BB6-4A0F-8EEB-60A539D8D3FE}.Release|x64.ActiveCfg = Release|x64
		{0A4F6C39-5BB6-4A0F-8EEB-60A539D8D3FE}.Release|x64.Build.0 = Release|x64
		{0A4F6C39-5BB6-4A0F-8EEB-60A539D8D3FE}.Release|x64.Deploy.0 = Release|x64
		{0A4F6C39-5BB6-4A0F-8EEB-60A539D8D3FE}.Release|x86.ActiveCfg = Release|x86
		{0A4F6C39-5BB6-4A0F-8EEB-60A539D8D3FE}.Release|x86.Build.0 = Release|x86
		{0A4F6C39-5BB6-4A0F-8EEB-60A539D8D3FE}.Release|x86.Deploy.0 = Release|x86
		{CE5B98A3-DA5F-4E39-B80B-924E0E66DDC7}.Debug|Any CPU.ActiveCfg = Debug|Any CPU
		{CE5B98A3-DA5F-4E39-B80B-924E0E66DDC7}.Debug|Any CPU.Build.0 = Debug|Any CPU
		{CE5B98A3-DA5F-4E39-B80B-924E0E66DDC7}.Debug|ARM32.ActiveCfg = Debug|Any CPU
		{CE5B98A3-DA5F-4E39-B80B-924E0E66DDC7}.Debug|ARM32.Build.0 = Debug|Any CPU
		{CE5B98A3-DA5F-4E39-B80B-924E0E66DDC7}.Debug|ARM64.ActiveCfg = Debug|Any CPU
		{CE5B98A3-DA5F-4E39-B80B-924E0E66DDC7}.Debug|ARM64.Build.0 = Debug|Any CPU
		{CE5B98A3-DA5F-4E39-B80B-924E0E66DDC7}.Debug|x64.ActiveCfg = Debug|Any CPU
		{CE5B98A3-DA5F-4E39-B80B-924E0E66DDC7}.Debug|x64.Build.0 = Debug|Any CPU
		{CE5B98A3-DA5F-4E39-B80B-924E0E66DDC7}.Debug|x86.ActiveCfg = Debug|Any CPU
		{CE5B98A3-DA5F-4E39-B80B-924E0E66DDC7}.Debug|x86.Build.0 = Debug|Any CPU
		{CE5B98A3-DA5F-4E39-B80B-924E0E66DDC7}.Release|Any CPU.ActiveCfg = Release|Any CPU
		{CE5B98A3-DA5F-4E39-B80B-924E0E66DDC7}.Release|Any CPU.Build.0 = Release|Any CPU
		{CE5B98A3-DA5F-4E39-B80B-924E0E66DDC7}.Release|ARM32.ActiveCfg = Release|Any CPU
		{CE5B98A3-DA5F-4E39-B80B-924E0E66DDC7}.Release|ARM32.Build.0 = Release|Any CPU
		{CE5B98A3-DA5F-4E39-B80B-924E0E66DDC7}.Release|ARM64.ActiveCfg = Release|Any CPU
		{CE5B98A3-DA5F-4E39-B80B-924E0E66DDC7}.Release|ARM64.Build.0 = Release|Any CPU
		{CE5B98A3-DA5F-4E39-B80B-924E0E66DDC7}.Release|x64.ActiveCfg = Release|Any CPU
		{CE5B98A3-DA5F-4E39-B80B-924E0E66DDC7}.Release|x64.Build.0 = Release|Any CPU
		{CE5B98A3-DA5F-4E39-B80B-924E0E66DDC7}.Release|x86.ActiveCfg = Release|Any CPU
		{CE5B98A3-DA5F-4E39-B80B-924E0E66DDC7}.Release|x86.Build.0 = Release|Any CPU
		{A7487D3D-3081-46B4-B8D9-DAB21778490C}.Debug|Any CPU.ActiveCfg = Debug|Any CPU
		{A7487D3D-3081-46B4-B8D9-DAB21778490C}.Debug|Any CPU.Build.0 = Debug|Any CPU
		{A7487D3D-3081-46B4-B8D9-DAB21778490C}.Debug|ARM32.ActiveCfg = Debug|Any CPU
		{A7487D3D-3081-46B4-B8D9-DAB21778490C}.Debug|ARM32.Build.0 = Debug|Any CPU
		{A7487D3D-3081-46B4-B8D9-DAB21778490C}.Debug|ARM64.ActiveCfg = Debug|Any CPU
		{A7487D3D-3081-46B4-B8D9-DAB21778490C}.Debug|ARM64.Build.0 = Debug|Any CPU
		{A7487D3D-3081-46B4-B8D9-DAB21778490C}.Debug|x64.ActiveCfg = Debug|Any CPU
		{A7487D3D-3081-46B4-B8D9-DAB21778490C}.Debug|x64.Build.0 = Debug|Any CPU
		{A7487D3D-3081-46B4-B8D9-DAB21778490C}.Debug|x86.ActiveCfg = Debug|Any CPU
		{A7487D3D-3081-46B4-B8D9-DAB21778490C}.Debug|x86.Build.0 = Debug|Any CPU
		{A7487D3D-3081-46B4-B8D9-DAB21778490C}.Release|Any CPU.ActiveCfg = Release|Any CPU
		{A7487D3D-3081-46B4-B8D9-DAB21778490C}.Release|Any CPU.Build.0 = Release|Any CPU
		{A7487D3D-3081-46B4-B8D9-DAB21778490C}.Release|ARM32.ActiveCfg = Release|Any CPU
		{A7487D3D-3081-46B4-B8D9-DAB21778490C}.Release|ARM32.Build.0 = Release|Any CPU
		{A7487D3D-3081-46B4-B8D9-DAB21778490C}.Release|ARM64.ActiveCfg = Release|Any CPU
		{A7487D3D-3081-46B4-B8D9-DAB21778490C}.Release|ARM64.Build.0 = Release|Any CPU
		{A7487D3D-3081-46B4-B8D9-DAB21778490C}.Release|x64.ActiveCfg = Release|Any CPU
		{A7487D3D-3081-46B4-B8D9-DAB21778490C}.Release|x64.Build.0 = Release|Any CPU
		{A7487D3D-3081-46B4-B8D9-DAB21778490C}.Release|x86.ActiveCfg = Release|Any CPU
		{A7487D3D-3081-46B4-B8D9-DAB21778490C}.Release|x86.Build.0 = Release|Any CPU
		{B6F1A3DC-C200-4F11-9C00-7E0CA1A10C0B}.Debug|Any CPU.ActiveCfg = Debug|Any CPU
		{B6F1A3DC-C200-4F11-9C00-7E0CA1A10C0B}.Debug|Any CPU.Build.0 = Debug|Any CPU
		{B6F1A3DC-C200-4F11-9C00-7E0CA1A10C0B}.Debug|ARM32.ActiveCfg = Debug|Any CPU
		{B6F1A3DC-C200-4F11-9C00-7E0CA1A10C0B}.Debug|ARM32.Build.0 = Debug|Any CPU
		{B6F1A3DC-C200-4F11-9C00-7E0CA1A10C0B}.Debug|ARM64.ActiveCfg = Debug|Any CPU
		{B6F1A3DC-C200-4F11-9C00-7E0CA1A10C0B}.Debug|ARM64.Build.0 = Debug|Any CPU
		{B6F1A3DC-C200-4F11-9C00-7E0CA1A10C0B}.Debug|x64.ActiveCfg = Debug|Any CPU
		{B6F1A3DC-C200-4F11-9C00-7E0CA1A10C0B}.Debug|x64.Build.0 = Debug|Any CPU
		{B6F1A3DC-C200-4F11-9C00-7E0CA1A10C0B}.Debug|x86.ActiveCfg = Debug|Any CPU
		{B6F1A3DC-C200-4F11-9C00-7E0CA1A10C0B}.Debug|x86.Build.0 = Debug|Any CPU
		{B6F1A3DC-C200-4F11-9C00-7E0CA1A10C0B}.Release|Any CPU.ActiveCfg = Release|Any CPU
		{B6F1A3DC-C200-4F11-9C00-7E0CA1A10C0B}.Release|Any CPU.Build.0 = Release|Any CPU
		{B6F1A3DC-C200-4F11-9C00-7E0CA1A10C0B}.Release|ARM32.ActiveCfg = Release|Any CPU
		{B6F1A3DC-C200-4F11-9C00-7E0CA1A10C0B}.Release|ARM32.Build.0 = Release|Any CPU
		{B6F1A3DC-C200-4F11-9C00-7E0CA1A10C0B}.Release|ARM64.ActiveCfg = Release|Any CPU
		{B6F1A3DC-C200-4F11-9C00-7E0CA1A10C0B}.Release|ARM64.Build.0 = Release|Any CPU
		{B6F1A3DC-C200-4F11-9C00-7E0CA1A10C0B}.Release|x64.ActiveCfg = Release|Any CPU
		{B6F1A3DC-C200-4F11-9C00-7E0CA1A10C0B}.Release|x64.Build.0 = Release|Any CPU
		{B6F1A3DC-C200-4F11-9C00-7E0CA1A10C0B}.Release|x86.ActiveCfg = Release|Any CPU
		{B6F1A3DC-C200-4F11-9C00-7E0CA1A10C0B}.Release|x86.Build.0 = Release|Any CPU
		{33813AD3-69DE-86C7-37DA-522C8076B4FF}.Debug|Any CPU.ActiveCfg = Debug|Any CPU
		{33813AD3-69DE-86C7-37DA-522C8076B4FF}.Debug|Any CPU.Build.0 = Debug|Any CPU
		{33813AD3-69DE-86C7-37DA-522C8076B4FF}.Debug|ARM32.ActiveCfg = Debug|Any CPU
		{33813AD3-69DE-86C7-37DA-522C8076B4FF}.Debug|ARM32.Build.0 = Debug|Any CPU
		{33813AD3-69DE-86C7-37DA-522C8076B4FF}.Debug|ARM64.ActiveCfg = Debug|Any CPU
		{33813AD3-69DE-86C7-37DA-522C8076B4FF}.Debug|ARM64.Build.0 = Debug|Any CPU
		{33813AD3-69DE-86C7-37DA-522C8076B4FF}.Debug|x64.ActiveCfg = Debug|Any CPU
		{33813AD3-69DE-86C7-37DA-522C8076B4FF}.Debug|x64.Build.0 = Debug|Any CPU
		{33813AD3-69DE-86C7-37DA-522C8076B4FF}.Debug|x86.ActiveCfg = Debug|Any CPU
		{33813AD3-69DE-86C7-37DA-522C8076B4FF}.Debug|x86.Build.0 = Debug|Any CPU
		{33813AD3-69DE-86C7-37DA-522C8076B4FF}.Release|Any CPU.ActiveCfg = Release|Any CPU
		{33813AD3-69DE-86C7-37DA-522C8076B4FF}.Release|Any CPU.Build.0 = Release|Any CPU
		{33813AD3-69DE-86C7-37DA-522C8076B4FF}.Release|ARM32.ActiveCfg = Release|Any CPU
		{33813AD3-69DE-86C7-37DA-522C8076B4FF}.Release|ARM32.Build.0 = Release|Any CPU
		{33813AD3-69DE-86C7-37DA-522C8076B4FF}.Release|ARM64.ActiveCfg = Release|Any CPU
		{33813AD3-69DE-86C7-37DA-522C8076B4FF}.Release|ARM64.Build.0 = Release|Any CPU
		{33813AD3-69DE-86C7-37DA-522C8076B4FF}.Release|x64.ActiveCfg = Release|Any CPU
		{33813AD3-69DE-86C7-37DA-522C8076B4FF}.Release|x64.Build.0 = Release|Any CPU
		{33813AD3-69DE-86C7-37DA-522C8076B4FF}.Release|x86.ActiveCfg = Release|Any CPU
		{33813AD3-69DE-86C7-37DA-522C8076B4FF}.Release|x86.Build.0 = Release|Any CPU
		{211E83FD-A4DE-9968-5E80-782080D30A3C}.Debug|Any CPU.ActiveCfg = Debug|Any CPU
		{211E83FD-A4DE-9968-5E80-782080D30A3C}.Debug|Any CPU.Build.0 = Debug|Any CPU
		{211E83FD-A4DE-9968-5E80-782080D30A3C}.Debug|ARM32.ActiveCfg = Debug|Any CPU
		{211E83FD-A4DE-9968-5E80-782080D30A3C}.Debug|ARM32.Build.0 = Debug|Any CPU
		{211E83FD-A4DE-9968-5E80-782080D30A3C}.Debug|ARM64.ActiveCfg = Debug|Any CPU
		{211E83FD-A4DE-9968-5E80-782080D30A3C}.Debug|ARM64.Build.0 = Debug|Any CPU
		{211E83FD-A4DE-9968-5E80-782080D30A3C}.Debug|x64.ActiveCfg = Debug|Any CPU
		{211E83FD-A4DE-9968-5E80-782080D30A3C}.Debug|x64.Build.0 = Debug|Any CPU
		{211E83FD-A4DE-9968-5E80-782080D30A3C}.Debug|x86.ActiveCfg = Debug|Any CPU
		{211E83FD-A4DE-9968-5E80-782080D30A3C}.Debug|x86.Build.0 = Debug|Any CPU
		{211E83FD-A4DE-9968-5E80-782080D30A3C}.Release|Any CPU.ActiveCfg = Release|Any CPU
		{211E83FD-A4DE-9968-5E80-782080D30A3C}.Release|Any CPU.Build.0 = Release|Any CPU
		{211E83FD-A4DE-9968-5E80-782080D30A3C}.Release|ARM32.ActiveCfg = Release|Any CPU
		{211E83FD-A4DE-9968-5E80-782080D30A3C}.Release|ARM32.Build.0 = Release|Any CPU
		{211E83FD-A4DE-9968-5E80-782080D30A3C}.Release|ARM64.ActiveCfg = Release|Any CPU
		{211E83FD-A4DE-9968-5E80-782080D30A3C}.Release|ARM64.Build.0 = Release|Any CPU
		{211E83FD-A4DE-9968-5E80-782080D30A3C}.Release|x64.ActiveCfg = Release|Any CPU
		{211E83FD-A4DE-9968-5E80-782080D30A3C}.Release|x64.Build.0 = Release|Any CPU
		{211E83FD-A4DE-9968-5E80-782080D30A3C}.Release|x86.ActiveCfg = Release|Any CPU
		{211E83FD-A4DE-9968-5E80-782080D30A3C}.Release|x86.Build.0 = Release|Any CPU
		{2E0C209F-92F9-EB93-FE51-C26D27328DEF}.Debug|Any CPU.ActiveCfg = Debug|Any CPU
		{2E0C209F-92F9-EB93-FE51-C26D27328DEF}.Debug|Any CPU.Build.0 = Debug|Any CPU
		{2E0C209F-92F9-EB93-FE51-C26D27328DEF}.Debug|ARM32.ActiveCfg = Debug|Any CPU
		{2E0C209F-92F9-EB93-FE51-C26D27328DEF}.Debug|ARM32.Build.0 = Debug|Any CPU
		{2E0C209F-92F9-EB93-FE51-C26D27328DEF}.Debug|ARM64.ActiveCfg = Debug|Any CPU
		{2E0C209F-92F9-EB93-FE51-C26D27328DEF}.Debug|ARM64.Build.0 = Debug|Any CPU
		{2E0C209F-92F9-EB93-FE51-C26D27328DEF}.Debug|x64.ActiveCfg = Debug|Any CPU
		{2E0C209F-92F9-EB93-FE51-C26D27328DEF}.Debug|x64.Build.0 = Debug|Any CPU
		{2E0C209F-92F9-EB93-FE51-C26D27328DEF}.Debug|x86.ActiveCfg = Debug|Any CPU
		{2E0C209F-92F9-EB93-FE51-C26D27328DEF}.Debug|x86.Build.0 = Debug|Any CPU
		{2E0C209F-92F9-EB93-FE51-C26D27328DEF}.Release|Any CPU.ActiveCfg = Release|Any CPU
		{2E0C209F-92F9-EB93-FE51-C26D27328DEF}.Release|Any CPU.Build.0 = Release|Any CPU
		{2E0C209F-92F9-EB93-FE51-C26D27328DEF}.Release|ARM32.ActiveCfg = Release|Any CPU
		{2E0C209F-92F9-EB93-FE51-C26D27328DEF}.Release|ARM32.Build.0 = Release|Any CPU
		{2E0C209F-92F9-EB93-FE51-C26D27328DEF}.Release|ARM64.ActiveCfg = Release|Any CPU
		{2E0C209F-92F9-EB93-FE51-C26D27328DEF}.Release|ARM64.Build.0 = Release|Any CPU
		{2E0C209F-92F9-EB93-FE51-C26D27328DEF}.Release|x64.ActiveCfg = Release|Any CPU
		{2E0C209F-92F9-EB93-FE51-C26D27328DEF}.Release|x64.Build.0 = Release|Any CPU
		{2E0C209F-92F9-EB93-FE51-C26D27328DEF}.Release|x86.ActiveCfg = Release|Any CPU
		{2E0C209F-92F9-EB93-FE51-C26D27328DEF}.Release|x86.Build.0 = Release|Any CPU
		{0182E9C0-3305-D452-3E9B-E58A9C316901}.Debug|Any CPU.ActiveCfg = Debug|Any CPU
		{0182E9C0-3305-D452-3E9B-E58A9C316901}.Debug|Any CPU.Build.0 = Debug|Any CPU
		{0182E9C0-3305-D452-3E9B-E58A9C316901}.Debug|ARM32.ActiveCfg = Debug|ARM32
		{0182E9C0-3305-D452-3E9B-E58A9C316901}.Debug|ARM32.Build.0 = Debug|ARM32
		{0182E9C0-3305-D452-3E9B-E58A9C316901}.Debug|ARM64.ActiveCfg = Debug|Any CPU
		{0182E9C0-3305-D452-3E9B-E58A9C316901}.Debug|ARM64.Build.0 = Debug|Any CPU
		{0182E9C0-3305-D452-3E9B-E58A9C316901}.Debug|x64.ActiveCfg = Debug|x64
		{0182E9C0-3305-D452-3E9B-E58A9C316901}.Debug|x64.Build.0 = Debug|x64
		{0182E9C0-3305-D452-3E9B-E58A9C316901}.Debug|x86.ActiveCfg = Debug|Any CPU
		{0182E9C0-3305-D452-3E9B-E58A9C316901}.Debug|x86.Build.0 = Debug|Any CPU
		{0182E9C0-3305-D452-3E9B-E58A9C316901}.Release|Any CPU.ActiveCfg = Release|Any CPU
		{0182E9C0-3305-D452-3E9B-E58A9C316901}.Release|Any CPU.Build.0 = Release|Any CPU
		{0182E9C0-3305-D452-3E9B-E58A9C316901}.Release|ARM32.ActiveCfg = Release|ARM32
		{0182E9C0-3305-D452-3E9B-E58A9C316901}.Release|ARM32.Build.0 = Release|ARM32
		{0182E9C0-3305-D452-3E9B-E58A9C316901}.Release|ARM64.ActiveCfg = Release|Any CPU
		{0182E9C0-3305-D452-3E9B-E58A9C316901}.Release|ARM64.Build.0 = Release|Any CPU
		{0182E9C0-3305-D452-3E9B-E58A9C316901}.Release|x64.ActiveCfg = Release|Any CPU
		{0182E9C0-3305-D452-3E9B-E58A9C316901}.Release|x64.Build.0 = Release|Any CPU
		{0182E9C0-3305-D452-3E9B-E58A9C316901}.Release|x86.ActiveCfg = Release|Any CPU
		{0182E9C0-3305-D452-3E9B-E58A9C316901}.Release|x86.Build.0 = Release|Any CPU
	EndGlobalSection
	GlobalSection(SolutionProperties) = preSolution
		HideSolutionNode = FALSE
	EndGlobalSection
	GlobalSection(NestedProjects) = preSolution
		{0A4F6C39-5BB6-4A0F-8EEB-60A539D8D3FE} = {827E0CD3-B72D-47B6-A68D-7590B98EB39B}
		{CE5B98A3-DA5F-4E39-B80B-924E0E66DDC7} = {827E0CD3-B72D-47B6-A68D-7590B98EB39B}
		{A7487D3D-3081-46B4-B8D9-DAB21778490C} = {827E0CD3-B72D-47B6-A68D-7590B98EB39B}
		{B6F1A3DC-C200-4F11-9C00-7E0CA1A10C0B} = {827E0CD3-B72D-47B6-A68D-7590B98EB39B}
	EndGlobalSection
	GlobalSection(ExtensibilityGlobals) = postSolution
		SolutionGuid = {FDD87940-5F29-4E44-97CC-E2698D53F49D}
	EndGlobalSection
EndGlobal
